// !$*UTF8*$!
{
	archiveVersion = 1;
	classes = {
	};
	objectVersion = 50;
	objects = {

/* Begin PBXBuildFile section */
		7C0AD1E320C6698F008AF37A /* AppDelegate.swift in Sources */ = {isa = PBXBuildFile; fileRef = 7C0AD1E220C6698F008AF37A /* AppDelegate.swift */; };
		7C0AD1E520C6698F008AF37A /* GameScene.sks in Resources */ = {isa = PBXBuildFile; fileRef = 7C0AD1E420C6698F008AF37A /* GameScene.sks */; };
		7C0AD1E920C6698F008AF37A /* GameScene.swift in Sources */ = {isa = PBXBuildFile; fileRef = 7C0AD1E820C6698F008AF37A /* GameScene.swift */; };
		7C0AD1EB20C6698F008AF37A /* GameViewController.swift in Sources */ = {isa = PBXBuildFile; fileRef = 7C0AD1EA20C6698F008AF37A /* GameViewController.swift */; };
		7C0AD1EE20C6698F008AF37A /* Main.storyboard in Resources */ = {isa = PBXBuildFile; fileRef = 7C0AD1EC20C6698F008AF37A /* Main.storyboard */; };
		7C0AD1F020C66990008AF37A /* Assets.xcassets in Resources */ = {isa = PBXBuildFile; fileRef = 7C0AD1EF20C66990008AF37A /* Assets.xcassets */; };
		7C0AD1F320C66990008AF37A /* LaunchScreen.storyboard in Resources */ = {isa = PBXBuildFile; fileRef = 7C0AD1F120C66990008AF37A /* LaunchScreen.storyboard */; };
		7C0AD21220C66A5E008AF37A /* Helper.swift in Sources */ = {isa = PBXBuildFile; fileRef = 7C0AD1FA20C66A5E008AF37A /* Helper.swift */; };
		7C0AD21320C66A5E008AF37A /* sliceFuse.sks in Resources */ = {isa = PBXBuildFile; fileRef = 7C0AD1FC20C66A5E008AF37A /* sliceFuse.sks */; };
		7C0AD21420C66A5E008AF37A /* sliceLife@2x.png in Resources */ = {isa = PBXBuildFile; fileRef = 7C0AD1FD20C66A5E008AF37A /* sliceLife@2x.png */; };
		7C0AD21520C66A5E008AF37A /* sliceBomb@2x.png in Resources */ = {isa = PBXBuildFile; fileRef = 7C0AD1FE20C66A5E008AF37A /* sliceBomb@2x.png */; };
		7C0AD21620C66A5E008AF37A /* sliceBackground.png in Resources */ = {isa = PBXBuildFile; fileRef = 7C0AD1FF20C66A5E008AF37A /* sliceBackground.png */; };
		7C0AD21720C66A5E008AF37A /* sliceLifeGone@2x.png in Resources */ = {isa = PBXBuildFile; fileRef = 7C0AD20020C66A5E008AF37A /* sliceLifeGone@2x.png */; };
		7C0AD21820C66A5E008AF37A /* spark.png in Resources */ = {isa = PBXBuildFile; fileRef = 7C0AD20120C66A5E008AF37A /* spark.png */; };
		7C0AD21920C66A5E008AF37A /* wrong.caf in Resources */ = {isa = PBXBuildFile; fileRef = 7C0AD20220C66A5E008AF37A /* wrong.caf */; };
		7C0AD21A20C66A5E008AF37A /* whack.caf in Resources */ = {isa = PBXBuildFile; fileRef = 7C0AD20320C66A5E008AF37A /* whack.caf */; };
		7C0AD21B20C66A5E008AF37A /* launch.caf in Resources */ = {isa = PBXBuildFile; fileRef = 7C0AD20420C66A5E008AF37A /* launch.caf */; };
		7C0AD21C20C66A5E008AF37A /* penguin.png in Resources */ = {isa = PBXBuildFile; fileRef = 7C0AD20520C66A5E008AF37A /* penguin.png */; };
		7C0AD21D20C66A5E008AF37A /* explosion.caf in Resources */ = {isa = PBXBuildFile; fileRef = 7C0AD20620C66A5E008AF37A /* explosion.caf */; };
		7C0AD21E20C66A5E008AF37A /* sliceBackground@2x.png in Resources */ = {isa = PBXBuildFile; fileRef = 7C0AD20720C66A5E008AF37A /* sliceBackground@2x.png */; };
		7C0AD21F20C66A5E008AF37A /* sliceBomb.png in Resources */ = {isa = PBXBuildFile; fileRef = 7C0AD20820C66A5E008AF37A /* sliceBomb.png */; };
		7C0AD22020C66A5E008AF37A /* sliceLifeGone.png in Resources */ = {isa = PBXBuildFile; fileRef = 7C0AD20920C66A5E008AF37A /* sliceLifeGone.png */; };
		7C0AD22120C66A5E008AF37A /* sliceHitEnemy.sks in Resources */ = {isa = PBXBuildFile; fileRef = 7C0AD20A20C66A5E008AF37A /* sliceHitEnemy.sks */; };
		7C0AD22220C66A5E008AF37A /* sliceBombFuse.caf in Resources */ = {isa = PBXBuildFile; fileRef = 7C0AD20B20C66A5E008AF37A /* sliceBombFuse.caf */; };
		7C0AD22320C66A5E008AF37A /* sliceHitBomb.sks in Resources */ = {isa = PBXBuildFile; fileRef = 7C0AD20C20C66A5E008AF37A /* sliceHitBomb.sks */; };
		7C0AD22420C66A5E008AF37A /* penguin@2x.png in Resources */ = {isa = PBXBuildFile; fileRef = 7C0AD20D20C66A5E008AF37A /* penguin@2x.png */; };
		7C0AD22520C66A5E008AF37A /* sliceLife.png in Resources */ = {isa = PBXBuildFile; fileRef = 7C0AD20E20C66A5E008AF37A /* sliceLife.png */; };
		7C0AD22620C66A5E008AF37A /* swoosh3.caf in Resources */ = {isa = PBXBuildFile; fileRef = 7C0AD20F20C66A5E008AF37A /* swoosh3.caf */; };
		7C0AD22720C66A5E008AF37A /* swoosh2.caf in Resources */ = {isa = PBXBuildFile; fileRef = 7C0AD21020C66A5E008AF37A /* swoosh2.caf */; };
		7C0AD22820C66A5E008AF37A /* swoosh1.caf in Resources */ = {isa = PBXBuildFile; fileRef = 7C0AD21120C66A5E008AF37A /* swoosh1.caf */; };
/* End PBXBuildFile section */

/* Begin PBXFileReference section */
		7C0AD1DF20C6698F008AF37A /* SlicePenguin.app */ = {isa = PBXFileReference; explicitFileType = wrapper.application; includeInIndex = 0; path = SlicePenguin.app; sourceTree = BUILT_PRODUCTS_DIR; };
		7C0AD1E220C6698F008AF37A /* AppDelegate.swift */ = {isa = PBXFileReference; lastKnownFileType = sourcecode.swift; path = AppDelegate.swift; sourceTree = "<group>"; };
		7C0AD1E420C6698F008AF37A /* GameScene.sks */ = {isa = PBXFileReference; lastKnownFileType = file.sks; path = GameScene.sks; sourceTree = "<group>"; };
		7C0AD1E820C6698F008AF37A /* GameScene.swift */ = {isa = PBXFileReference; lastKnownFileType = sourcecode.swift; path = GameScene.swift; sourceTree = "<group>"; };
		7C0AD1EA20C6698F008AF37A /* GameViewController.swift */ = {isa = PBXFileReference; lastKnownFileType = sourcecode.swift; path = GameViewController.swift; sourceTree = "<group>"; };
		7C0AD1ED20C6698F008AF37A /* Base */ = {isa = PBXFileReference; lastKnownFileType = file.storyboard; name = Base; path = Base.lproj/Main.storyboard; sourceTree = "<group>"; };
		7C0AD1EF20C66990008AF37A /* Assets.xcassets */ = {isa = PBXFileReference; lastKnownFileType = folder.assetcatalog; path = Assets.xcassets; sourceTree = "<group>"; };
		7C0AD1F220C66990008AF37A /* Base */ = {isa = PBXFileReference; lastKnownFileType = file.storyboard; name = Base; path = Base.lproj/LaunchScreen.storyboard; sourceTree = "<group>"; };
		7C0AD1F420C66990008AF37A /* Info.plist */ = {isa = PBXFileReference; lastKnownFileType = text.plist.xml; path = Info.plist; sourceTree = "<group>"; };
		7C0AD1FA20C66A5E008AF37A /* Helper.swift */ = {isa = PBXFileReference; fileEncoding = 4; lastKnownFileType = sourcecode.swift; path = Helper.swift; sourceTree = "<group>"; };
		7C0AD1FC20C66A5E008AF37A /* sliceFuse.sks */ = {isa = PBXFileReference; lastKnownFileType = file.sks; path = sliceFuse.sks; sourceTree = "<group>"; };
		7C0AD1FD20C66A5E008AF37A /* sliceLife@2x.png */ = {isa = PBXFileReference; lastKnownFileType = image.png; path = "sliceLife@2x.png"; sourceTree = "<group>"; };
		7C0AD1FE20C66A5E008AF37A /* sliceBomb@2x.png */ = {isa = PBXFileReference; lastKnownFileType = image.png; path = "sliceBomb@2x.png"; sourceTree = "<group>"; };
		7C0AD1FF20C66A5E008AF37A /* sliceBackground.png */ = {isa = PBXFileReference; lastKnownFileType = image.png; path = sliceBackground.png; sourceTree = "<group>"; };
		7C0AD20020C66A5E008AF37A /* sliceLifeGone@2x.png */ = {isa = PBXFileReference; lastKnownFileType = image.png; path = "sliceLifeGone@2x.png"; sourceTree = "<group>"; };
		7C0AD20120C66A5E008AF37A /* spark.png */ = {isa = PBXFileReference; lastKnownFileType = image.png; path = spark.png; sourceTree = "<group>"; };
		7C0AD20220C66A5E008AF37A /* wrong.caf */ = {isa = PBXFileReference; lastKnownFileType = file; path = wrong.caf; sourceTree = "<group>"; };
		7C0AD20320C66A5E008AF37A /* whack.caf */ = {isa = PBXFileReference; lastKnownFileType = file; path = whack.caf; sourceTree = "<group>"; };
		7C0AD20420C66A5E008AF37A /* launch.caf */ = {isa = PBXFileReference; lastKnownFileType = file; path = launch.caf; sourceTree = "<group>"; };
		7C0AD20520C66A5E008AF37A /* penguin.png */ = {isa = PBXFileReference; lastKnownFileType = image.png; path = penguin.png; sourceTree = "<group>"; };
		7C0AD20620C66A5E008AF37A /* explosion.caf */ = {isa = PBXFileReference; lastKnownFileType = file; path = explosion.caf; sourceTree = "<group>"; };
		7C0AD20720C66A5E008AF37A /* sliceBackground@2x.png */ = {isa = PBXFileReference; lastKnownFileType = image.png; path = "sliceBackground@2x.png"; sourceTree = "<group>"; };
		7C0AD20820C66A5E008AF37A /* sliceBomb.png */ = {isa = PBXFileReference; lastKnownFileType = image.png; path = sliceBomb.png; sourceTree = "<group>"; };
		7C0AD20920C66A5E008AF37A /* sliceLifeGone.png */ = {isa = PBXFileReference; lastKnownFileType = image.png; path = sliceLifeGone.png; sourceTree = "<group>"; };
		7C0AD20A20C66A5E008AF37A /* sliceHitEnemy.sks */ = {isa = PBXFileReference; lastKnownFileType = file.sks; path = sliceHitEnemy.sks; sourceTree = "<group>"; };
		7C0AD20B20C66A5E008AF37A /* sliceBombFuse.caf */ = {isa = PBXFileReference; lastKnownFileType = file; path = sliceBombFuse.caf; sourceTree = "<group>"; };
		7C0AD20C20C66A5E008AF37A /* sliceHitBomb.sks */ = {isa = PBXFileReference; lastKnownFileType = file.sks; path = sliceHitBomb.sks; sourceTree = "<group>"; };
		7C0AD20D20C66A5E008AF37A /* penguin@2x.png */ = {isa = PBXFileReference; lastKnownFileType = image.png; path = "penguin@2x.png"; sourceTree = "<group>"; };
		7C0AD20E20C66A5E008AF37A /* sliceLife.png */ = {isa = PBXFileReference; lastKnownFileType = image.png; path = sliceLife.png; sourceTree = "<group>"; };
		7C0AD20F20C66A5E008AF37A /* swoosh3.caf */ = {isa = PBXFileReference; lastKnownFileType = file; path = swoosh3.caf; sourceTree = "<group>"; };
		7C0AD21020C66A5E008AF37A /* swoosh2.caf */ = {isa = PBXFileReference; lastKnownFileType = file; path = swoosh2.caf; sourceTree = "<group>"; };
		7C0AD21120C66A5E008AF37A /* swoosh1.caf */ = {isa = PBXFileReference; lastKnownFileType = file; path = swoosh1.caf; sourceTree = "<group>"; };
/* End PBXFileReference section */

/* Begin PBXFrameworksBuildPhase section */
		7C0AD1DC20C6698F008AF37A /* Frameworks */ = {
			isa = PBXFrameworksBuildPhase;
			buildActionMask = 2147483647;
			files = (
			);
			runOnlyForDeploymentPostprocessing = 0;
		};
/* End PBXFrameworksBuildPhase section */

/* Begin PBXGroup section */
		7C0AD1D620C6698F008AF37A = {
			isa = PBXGroup;
			children = (
				7C0AD1E120C6698F008AF37A /* SlicePenguin */,
				7C0AD1E020C6698F008AF37A /* Products */,
			);
			sourceTree = "<group>";
		};
		7C0AD1E020C6698F008AF37A /* Products */ = {
			isa = PBXGroup;
			children = (
				7C0AD1DF20C6698F008AF37A /* SlicePenguin.app */,
			);
			name = Products;
			sourceTree = "<group>";
		};
		7C0AD1E120C6698F008AF37A /* SlicePenguin */ = {
			isa = PBXGroup;
			children = (
				7C0AD1E220C6698F008AF37A /* AppDelegate.swift */,
				7C0AD1E420C6698F008AF37A /* GameScene.sks */,
				7C0AD1E820C6698F008AF37A /* GameScene.swift */,
				7C0AD1EA20C6698F008AF37A /* GameViewController.swift */,
				7C0AD1EC20C6698F008AF37A /* Main.storyboard */,
				7C0AD1EF20C66990008AF37A /* Assets.xcassets */,
				7C0AD1F120C66990008AF37A /* LaunchScreen.storyboard */,
				7C0AD1F420C66990008AF37A /* Info.plist */,
				7C0AD1FA20C66A5E008AF37A /* Helper.swift */,
				7C0AD1FB20C66A5E008AF37A /* Content */,
			);
			path = SlicePenguin;
			sourceTree = "<group>";
		};
		7C0AD1FB20C66A5E008AF37A /* Content */ = {
			isa = PBXGroup;
			children = (
				7C0AD1FC20C66A5E008AF37A /* sliceFuse.sks */,
				7C0AD1FD20C66A5E008AF37A /* sliceLife@2x.png */,
				7C0AD1FE20C66A5E008AF37A /* sliceBomb@2x.png */,
				7C0AD1FF20C66A5E008AF37A /* sliceBackground.png */,
				7C0AD20020C66A5E008AF37A /* sliceLifeGone@2x.png */,
				7C0AD20120C66A5E008AF37A /* spark.png */,
				7C0AD20220C66A5E008AF37A /* wrong.caf */,
				7C0AD20320C66A5E008AF37A /* whack.caf */,
				7C0AD20420C66A5E008AF37A /* launch.caf */,
				7C0AD20520C66A5E008AF37A /* penguin.png */,
				7C0AD20620C66A5E008AF37A /* explosion.caf */,
				7C0AD20720C66A5E008AF37A /* sliceBackground@2x.png */,
				7C0AD20820C66A5E008AF37A /* sliceBomb.png */,
				7C0AD20920C66A5E008AF37A /* sliceLifeGone.png */,
				7C0AD20A20C66A5E008AF37A /* sliceHitEnemy.sks */,
				7C0AD20B20C66A5E008AF37A /* sliceBombFuse.caf */,
				7C0AD20C20C66A5E008AF37A /* sliceHitBomb.sks */,
				7C0AD20D20C66A5E008AF37A /* penguin@2x.png */,
				7C0AD20E20C66A5E008AF37A /* sliceLife.png */,
				7C0AD20F20C66A5E008AF37A /* swoosh3.caf */,
				7C0AD21020C66A5E008AF37A /* swoosh2.caf */,
				7C0AD21120C66A5E008AF37A /* swoosh1.caf */,
			);
			path = Content;
			sourceTree = "<group>";
		};
/* End PBXGroup section */

/* Begin PBXNativeTarget section */
		7C0AD1DE20C6698F008AF37A /* SlicePenguin */ = {
			isa = PBXNativeTarget;
			buildConfigurationList = 7C0AD1F720C66990008AF37A /* Build configuration list for PBXNativeTarget "SlicePenguin" */;
			buildPhases = (
				7C0AD1DB20C6698F008AF37A /* Sources */,
				7C0AD1DC20C6698F008AF37A /* Frameworks */,
				7C0AD1DD20C6698F008AF37A /* Resources */,
			);
			buildRules = (
			);
			dependencies = (
			);
			name = SlicePenguin;
			productName = SlicePenguin;
			productReference = 7C0AD1DF20C6698F008AF37A /* SlicePenguin.app */;
			productType = "com.apple.product-type.application";
		};
/* End PBXNativeTarget section */

/* Begin PBXProject section */
		7C0AD1D720C6698F008AF37A /* Project object */ = {
			isa = PBXProject;
			attributes = {
				LastSwiftUpdateCheck = 0940;
				LastUpgradeCheck = 0940;
				ORGANIZATIONNAME = "Joseph Park";
				TargetAttributes = {
					7C0AD1DE20C6698F008AF37A = {
						CreatedOnToolsVersion = 9.4;
					};
				};
			};
			buildConfigurationList = 7C0AD1DA20C6698F008AF37A /* Build configuration list for PBXProject "SlicePenguin" */;
			compatibilityVersion = "Xcode 9.3";
			developmentRegion = en;
			hasScannedForEncodings = 0;
			knownRegions = (
				en,
				Base,
			);
			mainGroup = 7C0AD1D620C6698F008AF37A;
			productRefGroup = 7C0AD1E020C6698F008AF37A /* Products */;
			projectDirPath = "";
			projectRoot = "";
			targets = (
				7C0AD1DE20C6698F008AF37A /* SlicePenguin */,
			);
		};
/* End PBXProject section */

/* Begin PBXResourcesBuildPhase section */
		7C0AD1DD20C6698F008AF37A /* Resources */ = {
			isa = PBXResourcesBuildPhase;
			buildActionMask = 2147483647;
			files = (
				7C0AD21820C66A5E008AF37A /* spark.png in Resources */,
				7C0AD21620C66A5E008AF37A /* sliceBackground.png in Resources */,
				7C0AD1EE20C6698F008AF37A /* Main.storyboard in Resources */,
				7C0AD21C20C66A5E008AF37A /* penguin.png in Resources */,
				7C0AD22320C66A5E008AF37A /* sliceHitBomb.sks in Resources */,
				7C0AD21F20C66A5E008AF37A /* sliceBomb.png in Resources */,
				7C0AD21B20C66A5E008AF37A /* launch.caf in Resources */,
				7C0AD1E520C6698F008AF37A /* GameScene.sks in Resources */,
				7C0AD22520C66A5E008AF37A /* sliceLife.png in Resources */,
				7C0AD22620C66A5E008AF37A /* swoosh3.caf in Resources */,
				7C0AD22120C66A5E008AF37A /* sliceHitEnemy.sks in Resources */,
				7C0AD21D20C66A5E008AF37A /* explosion.caf in Resources */,
				7C0AD22720C66A5E008AF37A /* swoosh2.caf in Resources */,
				7C0AD1F020C66990008AF37A /* Assets.xcassets in Resources */,
				7C0AD21720C66A5E008AF37A /* sliceLifeGone@2x.png in Resources */,
				7C0AD21E20C66A5E008AF37A /* sliceBackground@2x.png in Resources */,
				7C0AD22220C66A5E008AF37A /* sliceBombFuse.caf in Resources */,
				7C0AD22820C66A5E008AF37A /* swoosh1.caf in Resources */,
				7C0AD1F320C66990008AF37A /* LaunchScreen.storyboard in Resources */,
				7C0AD22020C66A5E008AF37A /* sliceLifeGone.png in Resources */,
				7C0AD21A20C66A5E008AF37A /* whack.caf in Resources */,
				7C0AD21520C66A5E008AF37A /* sliceBomb@2x.png in Resources */,
				7C0AD21320C66A5E008AF37A /* sliceFuse.sks in Resources */,
				7C0AD21920C66A5E008AF37A /* wrong.caf in Resources */,
				7C0AD21420C66A5E008AF37A /* sliceLife@2x.png in Resources */,
				7C0AD22420C66A5E008AF37A /* penguin@2x.png in Resources */,
			);
			runOnlyForDeploymentPostprocessing = 0;
		};
/* End PBXResourcesBuildPhase section */

/* Begin PBXSourcesBuildPhase section */
		7C0AD1DB20C6698F008AF37A /* Sources */ = {
			isa = PBXSourcesBuildPhase;
			buildActionMask = 2147483647;
			files = (
				7C0AD1E920C6698F008AF37A /* GameScene.swift in Sources */,
				7C0AD1EB20C6698F008AF37A /* GameViewController.swift in Sources */,
				7C0AD1E320C6698F008AF37A /* AppDelegate.swift in Sources */,
				7C0AD21220C66A5E008AF37A /* Helper.swift in Sources */,
			);
			runOnlyForDeploymentPostprocessing = 0;
		};
/* End PBXSourcesBuildPhase section */

/* Begin PBXVariantGroup section */
		7C0AD1EC20C6698F008AF37A /* Main.storyboard */ = {
			isa = PBXVariantGroup;
			children = (
				7C0AD1ED20C6698F008AF37A /* Base */,
			);
			name = Main.storyboard;
			sourceTree = "<group>";
		};
		7C0AD1F120C66990008AF37A /* LaunchScreen.storyboard */ = {
			isa = PBXVariantGroup;
			children = (
				7C0AD1F220C66990008AF37A /* Base */,
			);
			name = LaunchScreen.storyboard;
			sourceTree = "<group>";
		};
/* End PBXVariantGroup section */

/* Begin XCBuildConfiguration section */
		7C0AD1F520C66990008AF37A /* Debug */ = {
			isa = XCBuildConfiguration;
			buildSettings = {
				ALWAYS_SEARCH_USER_PATHS = NO;
				CLANG_ANALYZER_NONNULL = YES;
				CLANG_ANALYZER_NUMBER_OBJECT_CONVERSION = YES_AGGRESSIVE;
				CLANG_CXX_LANGUAGE_STANDARD = "gnu++14";
				CLANG_CXX_LIBRARY = "libc++";
				CLANG_ENABLE_MODULES = YES;
				CLANG_ENABLE_OBJC_ARC = YES;
				CLANG_ENABLE_OBJC_WEAK = YES;
				CLANG_WARN_BLOCK_CAPTURE_AUTORELEASING = YES;
				CLANG_WARN_BOOL_CONVERSION = YES;
				CLANG_WARN_COMMA = YES;
				CLANG_WARN_CONSTANT_CONVERSION = YES;
				CLANG_WARN_DEPRECATED_OBJC_IMPLEMENTATIONS = YES;
				CLANG_WARN_DIRECT_OBJC_ISA_USAGE = YES_ERROR;
				CLANG_WARN_DOCUMENTATION_COMMENTS = YES;
				CLANG_WARN_EMPTY_BODY = YES;
				CLANG_WARN_ENUM_CONVERSION = YES;
				CLANG_WARN_INFINITE_RECURSION = YES;
				CLANG_WARN_INT_CONVERSION = YES;
				CLANG_WARN_NON_LITERAL_NULL_CONVERSION = YES;
				CLANG_WARN_OBJC_IMPLICIT_RETAIN_SELF = YES;
				CLANG_WARN_OBJC_LITERAL_CONVERSION = YES;
				CLANG_WARN_OBJC_ROOT_CLASS = YES_ERROR;
				CLANG_WARN_RANGE_LOOP_ANALYSIS = YES;
				CLANG_WARN_STRICT_PROTOTYPES = YES;
				CLANG_WARN_SUSPICIOUS_MOVE = YES;
				CLANG_WARN_UNGUARDED_AVAILABILITY = YES_AGGRESSIVE;
				CLANG_WARN_UNREACHABLE_CODE = YES;
				CLANG_WARN__DUPLICATE_METHOD_MATCH = YES;
				CODE_SIGN_IDENTITY = "iPhone Developer";
				COPY_PHASE_STRIP = NO;
				DEBUG_INFORMATION_FORMAT = dwarf;
				ENABLE_STRICT_OBJC_MSGSEND = YES;
				ENABLE_TESTABILITY = YES;
				GCC_C_LANGUAGE_STANDARD = gnu11;
				GCC_DYNAMIC_NO_PIC = NO;
				GCC_NO_COMMON_BLOCKS = YES;
				GCC_OPTIMIZATION_LEVEL = 0;
				GCC_PREPROCESSOR_DEFINITIONS = (
					"DEBUG=1",
					"$(inherited)",
				);
				GCC_WARN_64_TO_32_BIT_CONVERSION = YES;
				GCC_WARN_ABOUT_RETURN_TYPE = YES_ERROR;
				GCC_WARN_UNDECLARED_SELECTOR = YES;
				GCC_WARN_UNINITIALIZED_AUTOS = YES_AGGRESSIVE;
				GCC_WARN_UNUSED_FUNCTION = YES;
				GCC_WARN_UNUSED_VARIABLE = YES;
				IPHONEOS_DEPLOYMENT_TARGET = 11.4;
				MTL_ENABLE_DEBUG_INFO = YES;
				ONLY_ACTIVE_ARCH = YES;
				SDKROOT = iphoneos;
				SWIFT_ACTIVE_COMPILATION_CONDITIONS = DEBUG;
				SWIFT_OPTIMIZATION_LEVEL = "-Onone";
			};
			name = Debug;
		};
		7C0AD1F620C66990008AF37A /* Release */ = {
			isa = XCBuildConfiguration;
			buildSettings = {
				ALWAYS_SEARCH_USER_PATHS = NO;
				CLANG_ANALYZER_NONNULL = YES;
				CLANG_ANALYZER_NUMBER_OBJECT_CONVERSION = YES_AGGRESSIVE;
				CLANG_CXX_LANGUAGE_STANDARD = "gnu++14";
				CLANG_CXX_LIBRARY = "libc++";
				CLANG_ENABLE_MODULES = YES;
				CLANG_ENABLE_OBJC_ARC = YES;
				CLANG_ENABLE_OBJC_WEAK = YES;
				CLANG_WARN_BLOCK_CAPTURE_AUTORELEASING = YES;
				CLANG_WARN_BOOL_CONVERSION = YES;
				CLANG_WARN_COMMA = YES;
				CLANG_WARN_CONSTANT_CONVERSION = YES;
				CLANG_WARN_DEPRECATED_OBJC_IMPLEMENTATIONS = YES;
				CLANG_WARN_DIRECT_OBJC_ISA_USAGE = YES_ERROR;
				CLANG_WARN_DOCUMENTATION_COMMENTS = YES;
				CLANG_WARN_EMPTY_BODY = YES;
				CLANG_WARN_ENUM_CONVERSION = YES;
				CLANG_WARN_INFINITE_RECURSION = YES;
				CLANG_WARN_INT_CONVERSION = YES;
				CLANG_WARN_NON_LITERAL_NULL_CONVERSION = YES;
				CLANG_WARN_OBJC_IMPLICIT_RETAIN_SELF = YES;
				CLANG_WARN_OBJC_LITERAL_CONVERSION = YES;
				CLANG_WARN_OBJC_ROOT_CLASS = YES_ERROR;
				CLANG_WARN_RANGE_LOOP_ANALYSIS = YES;
				CLANG_WARN_STRICT_PROTOTYPES = YES;
				CLANG_WARN_SUSPICIOUS_MOVE = YES;
				CLANG_WARN_UNGUARDED_AVAILABILITY = YES_AGGRESSIVE;
				CLANG_WARN_UNREACHABLE_CODE = YES;
				CLANG_WARN__DUPLICATE_METHOD_MATCH = YES;
				CODE_SIGN_IDENTITY = "iPhone Developer";
				COPY_PHASE_STRIP = NO;
				DEBUG_INFORMATION_FORMAT = "dwarf-with-dsym";
				ENABLE_NS_ASSERTIONS = NO;
				ENABLE_STRICT_OBJC_MSGSEND = YES;
				GCC_C_LANGUAGE_STANDARD = gnu11;
				GCC_NO_COMMON_BLOCKS = YES;
				GCC_WARN_64_TO_32_BIT_CONVERSION = YES;
				GCC_WARN_ABOUT_RETURN_TYPE = YES_ERROR;
				GCC_WARN_UNDECLARED_SELECTOR = YES;
				GCC_WARN_UNINITIALIZED_AUTOS = YES_AGGRESSIVE;
				GCC_WARN_UNUSED_FUNCTION = YES;
				GCC_WARN_UNUSED_VARIABLE = YES;
				IPHONEOS_DEPLOYMENT_TARGET = 11.4;
				MTL_ENABLE_DEBUG_INFO = NO;
				SDKROOT = iphoneos;
				SWIFT_COMPILATION_MODE = wholemodule;
				SWIFT_OPTIMIZATION_LEVEL = "-O";
				VALIDATE_PRODUCT = YES;
			};
			name = Release;
		};
		7C0AD1F820C66990008AF37A /* Debug */ = {
			isa = XCBuildConfiguration;
			buildSettings = {
				ASSETCATALOG_COMPILER_APPICON_NAME = AppIcon;
				CODE_SIGN_STYLE = Automatic;
				DEVELOPMENT_TEAM = FZ3E4G9DRA;
				INFOPLIST_FILE = SlicePenguin/Info.plist;
				LD_RUNPATH_SEARCH_PATHS = (
					"$(inherited)",
					"@executable_path/Frameworks",
				);
				PRODUCT_BUNDLE_IDENTIFIER = com.joseph.SlicePenguin;
				PRODUCT_NAME = "$(TARGET_NAME)";
				SWIFT_VERSION = 4.0;
				TARGETED_DEVICE_FAMILY = "1,2";
			};
			name = Debug;
		};
		7C0AD1F920C66990008AF37A /* Release */ = {
			isa = XCBuildConfiguration;
			buildSettings = {
				ASSETCATALOG_COMPILER_APPICON_NAME = AppIcon;
				CODE_SIGN_STYLE = Automatic;
				DEVELOPMENT_TEAM = FZ3E4G9DRA;
				INFOPLIST_FILE = SlicePenguin/Info.plist;
				LD_RUNPATH_SEARCH_PATHS = (
					"$(inherited)",
					"@executable_path/Frameworks",
				);
				PRODUCT_BUNDLE_IDENTIFIER = com.joseph.SlicePenguin;
				PRODUCT_NAME = "$(TARGET_NAME)";
				SWIFT_VERSION = 4.0;
				TARGETED_DEVICE_FAMILY = "1,2";
			};
			name = Release;
		};
/* End XCBuildConfiguration section */

/* Begin XCConfigurationList section */
		7C0AD1DA20C6698F008AF37A /* Build configuration list for PBXProject "SlicePenguin" */ = {
			isa = XCConfigurationList;
			buildConfigurations = (
				7C0AD1F520C66990008AF37A /* Debug */,
				7C0AD1F620C66990008AF37A /* Release */,
			);
			defaultConfigurationIsVisible = 0;
			defaultConfigurationName = Release;
		};
		7C0AD1F720C66990008AF37A /* Build configuration list for PBXNativeTarget "SlicePenguin" */ = {
			isa = XCConfigurationList;
			buildConfigurations = (
				7C0AD1F820C66990008AF37A /* Debug */,
				7C0AD1F920C66990008AF37A /* Release */,
			);
			defaultConfigurationIsVisible = 0;
			defaultConfigurationName = Release;
		};
/* End XCConfigurationList section */
	};
	rootObject = 7C0AD1D720C6698F008AF37A /* Project object */;
}
